// !$*UTF8*$!
{
	archiveVersion = 1;
	classes = {
	};
	objectVersion = 56;
	objects = {

/* Begin PBXBuildFile section */
		9865785F29B1CA4000BB1BDA /* LegoWorldApp.swift in Sources */ = {isa = PBXBuildFile; fileRef = 9865785E29B1CA4000BB1BDA /* LegoWorldApp.swift */; };
		9865786129B1CA4000BB1BDA /* ContentView.swift in Sources */ = {isa = PBXBuildFile; fileRef = 9865786029B1CA4000BB1BDA /* ContentView.swift */; };
		9865786329B1CA4100BB1BDA /* Assets.xcassets in Resources */ = {isa = PBXBuildFile; fileRef = 9865786229B1CA4100BB1BDA /* Assets.xcassets */; };
		9865786629B1CA4100BB1BDA /* Preview Assets.xcassets in Resources */ = {isa = PBXBuildFile; fileRef = 9865786529B1CA4100BB1BDA /* Preview Assets.xcassets */; };
		9865787029B1CA4100BB1BDA /* LegoWorldTests.swift in Sources */ = {isa = PBXBuildFile; fileRef = 9865786F29B1CA4100BB1BDA /* LegoWorldTests.swift */; };
		9865787A29B1CA4100BB1BDA /* LegoWorldUITests.swift in Sources */ = {isa = PBXBuildFile; fileRef = 9865787929B1CA4100BB1BDA /* LegoWorldUITests.swift */; };
		9865787C29B1CA4100BB1BDA /* LegoWorldUITestsLaunchTests.swift in Sources */ = {isa = PBXBuildFile; fileRef = 9865787B29B1CA4100BB1BDA /* LegoWorldUITestsLaunchTests.swift */; };
		98DFDF8129B8FCFC00228BE2 /* LocalStorage in Frameworks */ = {isa = PBXBuildFile; productRef = 98DFDF8029B8FCFC00228BE2 /* LocalStorage */; };
/* End PBXBuildFile section */

/* Begin PBXContainerItemProxy section */
		9865786C29B1CA4100BB1BDA /* PBXContainerItemProxy */ = {
			isa = PBXContainerItemProxy;
			containerPortal = 9865785329B1CA4000BB1BDA /* Project object */;
			proxyType = 1;
			remoteGlobalIDString = 9865785A29B1CA4000BB1BDA;
			remoteInfo = LegoWorld;
		};
		9865787629B1CA4100BB1BDA /* PBXContainerItemProxy */ = {
			isa = PBXContainerItemProxy;
			containerPortal = 9865785329B1CA4000BB1BDA /* Project object */;
			proxyType = 1;
			remoteGlobalIDString = 9865785A29B1CA4000BB1BDA;
			remoteInfo = LegoWorld;
		};
/* End PBXContainerItemProxy section */

/* Begin PBXFileReference section */
		9865785B29B1CA4000BB1BDA /* LegoWorld.app */ = {isa = PBXFileReference; explicitFileType = wrapper.application; includeInIndex = 0; path = LegoWorld.app; sourceTree = BUILT_PRODUCTS_DIR; };
		9865785E29B1CA4000BB1BDA /* LegoWorldApp.swift */ = {isa = PBXFileReference; lastKnownFileType = sourcecode.swift; path = LegoWorldApp.swift; sourceTree = "<group>"; };
		9865786029B1CA4000BB1BDA /* ContentView.swift */ = {isa = PBXFileReference; lastKnownFileType = sourcecode.swift; path = ContentView.swift; sourceTree = "<group>"; };
		9865786229B1CA4100BB1BDA /* Assets.xcassets */ = {isa = PBXFileReference; lastKnownFileType = folder.assetcatalog; path = Assets.xcassets; sourceTree = "<group>"; };
		9865786529B1CA4100BB1BDA /* Preview Assets.xcassets */ = {isa = PBXFileReference; lastKnownFileType = folder.assetcatalog; path = "Preview Assets.xcassets"; sourceTree = "<group>"; };
		9865786B29B1CA4100BB1BDA /* LegoWorldTests.xctest */ = {isa = PBXFileReference; explicitFileType = wrapper.cfbundle; includeInIndex = 0; path = LegoWorldTests.xctest; sourceTree = BUILT_PRODUCTS_DIR; };
		9865786F29B1CA4100BB1BDA /* LegoWorldTests.swift */ = {isa = PBXFileReference; lastKnownFileType = sourcecode.swift; path = LegoWorldTests.swift; sourceTree = "<group>"; };
		9865787529B1CA4100BB1BDA /* LegoWorldUITests.xctest */ = {isa = PBXFileReference; explicitFileType = wrapper.cfbundle; includeInIndex = 0; path = LegoWorldUITests.xctest; sourceTree = BUILT_PRODUCTS_DIR; };
		9865787929B1CA4100BB1BDA /* LegoWorldUITests.swift */ = {isa = PBXFileReference; lastKnownFileType = sourcecode.swift; path = LegoWorldUITests.swift; sourceTree = "<group>"; };
		9865787B29B1CA4100BB1BDA /* LegoWorldUITestsLaunchTests.swift */ = {isa = PBXFileReference; lastKnownFileType = sourcecode.swift; path = LegoWorldUITestsLaunchTests.swift; sourceTree = "<group>"; };
		98DFDF7E29B8FB9700228BE2 /* LocalStorage */ = {isa = PBXFileReference; lastKnownFileType = wrapper; name = LocalStorage; path = "../../swift-coordinator/LocalStorage"; sourceTree = "<group>"; };
/* End PBXFileReference section */

/* Begin PBXFrameworksBuildPhase section */
		9865785829B1CA4000BB1BDA /* Frameworks */ = {
			isa = PBXFrameworksBuildPhase;
			buildActionMask = 2147483647;
			files = (
				98DFDF8129B8FCFC00228BE2 /* LocalStorage in Frameworks */,
			);
			runOnlyForDeploymentPostprocessing = 0;
		};
		9865786829B1CA4100BB1BDA /* Frameworks */ = {
			isa = PBXFrameworksBuildPhase;
			buildActionMask = 2147483647;
			files = (
			);
			runOnlyForDeploymentPostprocessing = 0;
		};
		9865787229B1CA4100BB1BDA /* Frameworks */ = {
			isa = PBXFrameworksBuildPhase;
			buildActionMask = 2147483647;
			files = (
			);
			runOnlyForDeploymentPostprocessing = 0;
		};
/* End PBXFrameworksBuildPhase section */

/* Begin PBXGroup section */
		9865785229B1CA4000BB1BDA = {
			isa = PBXGroup;
			children = (
				98DFDF7E29B8FB9700228BE2 /* LocalStorage */,
				9865785D29B1CA4000BB1BDA /* LegoWorld */,
				9865786E29B1CA4100BB1BDA /* LegoWorldTests */,
				9865787829B1CA4100BB1BDA /* LegoWorldUITests */,
				9865785C29B1CA4000BB1BDA /* Products */,
				98DFDF7F29B8FCFC00228BE2 /* Frameworks */,
			);
			sourceTree = "<group>";
		};
		9865785C29B1CA4000BB1BDA /* Products */ = {
			isa = PBXGroup;
			children = (
				9865785B29B1CA4000BB1BDA /* LegoWorld.app */,
				9865786B29B1CA4100BB1BDA /* LegoWorldTests.xctest */,
				9865787529B1CA4100BB1BDA /* LegoWorldUITests.xctest */,
			);
			name = Products;
			sourceTree = "<group>";
		};
		9865785D29B1CA4000BB1BDA /* LegoWorld */ = {
			isa = PBXGroup;
			children = (
				9865785E29B1CA4000BB1BDA /* LegoWorldApp.swift */,
				9865786029B1CA4000BB1BDA /* ContentView.swift */,
				9865786229B1CA4100BB1BDA /* Assets.xcassets */,
				9865786429B1CA4100BB1BDA /* Preview Content */,
			);
			path = LegoWorld;
			sourceTree = "<group>";
		};
		9865786429B1CA4100BB1BDA /* Preview Content */ = {
			isa = PBXGroup;
			children = (
				9865786529B1CA4100BB1BDA /* Preview Assets.xcassets */,
			);
			path = "Preview Content";
			sourceTree = "<group>";
		};
		9865786E29B1CA4100BB1BDA /* LegoWorldTests */ = {
			isa = PBXGroup;
			children = (
				9865786F29B1CA4100BB1BDA /* LegoWorldTests.swift */,
			);
			path = LegoWorldTests;
			sourceTree = "<group>";
		};
		9865787829B1CA4100BB1BDA /* LegoWorldUITests */ = {
			isa = PBXGroup;
			children = (
				9865787929B1CA4100BB1BDA /* LegoWorldUITests.swift */,
				9865787B29B1CA4100BB1BDA /* LegoWorldUITestsLaunchTests.swift */,
			);
			path = LegoWorldUITests;
			sourceTree = "<group>";
		};
		98DFDF7F29B8FCFC00228BE2 /* Frameworks */ = {
			isa = PBXGroup;
			children = (
			);
			name = Frameworks;
			sourceTree = "<group>";
		};
/* End PBXGroup section */

/* Begin PBXNativeTarget section */
		9865785A29B1CA4000BB1BDA /* LegoWorld */ = {
			isa = PBXNativeTarget;
			buildConfigurationList = 9865787F29B1CA4100BB1BDA /* Build configuration list for PBXNativeTarget "LegoWorld" */;
			buildPhases = (
				9865785729B1CA4000BB1BDA /* Sources */,
				9865785829B1CA4000BB1BDA /* Frameworks */,
				9865785929B1CA4000BB1BDA /* Resources */,
			);
			buildRules = (
			);
			dependencies = (
			);
			name = LegoWorld;
			packageProductDependencies = (
				98DFDF8029B8FCFC00228BE2 /* LocalStorage */,
			);
			productName = LegoWorld;
			productReference = 9865785B29B1CA4000BB1BDA /* LegoWorld.app */;
			productType = "com.apple.product-type.application";
		};
		9865786A29B1CA4100BB1BDA /* LegoWorldTests */ = {
			isa = PBXNativeTarget;
			buildConfigurationList = 9865788229B1CA4100BB1BDA /* Build configuration list for PBXNativeTarget "LegoWorldTests" */;
			buildPhases = (
				9865786729B1CA4100BB1BDA /* Sources */,
				9865786829B1CA4100BB1BDA /* Frameworks */,
				9865786929B1CA4100BB1BDA /* Resources */,
			);
			buildRules = (
			);
			dependencies = (
				9865786D29B1CA4100BB1BDA /* PBXTargetDependency */,
			);
			name = LegoWorldTests;
			productName = LegoWorldTests;
			productReference = 9865786B29B1CA4100BB1BDA /* LegoWorldTests.xctest */;
			productType = "com.apple.product-type.bundle.unit-test";
		};
		9865787429B1CA4100BB1BDA /* LegoWorldUITests */ = {
			isa = PBXNativeTarget;
			buildConfigurationList = 9865788529B1CA4100BB1BDA /* Build configuration list for PBXNativeTarget "LegoWorldUITests" */;
			buildPhases = (
				9865787129B1CA4100BB1BDA /* Sources */,
				9865787229B1CA4100BB1BDA /* Frameworks */,
				9865787329B1CA4100BB1BDA /* Resources */,
			);
			buildRules = (
			);
			dependencies = (
				9865787729B1CA4100BB1BDA /* PBXTargetDependency */,
			);
			name = LegoWorldUITests;
			productName = LegoWorldUITests;
			productReference = 9865787529B1CA4100BB1BDA /* LegoWorldUITests.xctest */;
			productType = "com.apple.product-type.bundle.ui-testing";
		};
/* End PBXNativeTarget section */

/* Begin PBXProject section */
		9865785329B1CA4000BB1BDA /* Project object */ = {
			isa = PBXProject;
			attributes = {
				BuildIndependentTargetsInParallel = 1;
				LastSwiftUpdateCheck = 1420;
				LastUpgradeCheck = 1420;
				TargetAttributes = {
					9865785A29B1CA4000BB1BDA = {
						CreatedOnToolsVersion = 14.2;
					};
					9865786A29B1CA4100BB1BDA = {
						CreatedOnToolsVersion = 14.2;
						TestTargetID = 9865785A29B1CA4000BB1BDA;
					};
					9865787429B1CA4100BB1BDA = {
						CreatedOnToolsVersion = 14.2;
						TestTargetID = 9865785A29B1CA4000BB1BDA;
					};
				};
			};
			buildConfigurationList = 9865785629B1CA4000BB1BDA /* Build configuration list for PBXProject "LegoWorld" */;
			compatibilityVersion = "Xcode 14.0";
			developmentRegion = en;
			hasScannedForEncodings = 0;
			knownRegions = (
				en,
				Base,
			);
			mainGroup = 9865785229B1CA4000BB1BDA;
			productRefGroup = 9865785C29B1CA4000BB1BDA /* Products */;
			projectDirPath = "";
			projectRoot = "";
			targets = (
				9865785A29B1CA4000BB1BDA /* LegoWorld */,
				9865786A29B1CA4100BB1BDA /* LegoWorldTests */,
				9865787429B1CA4100BB1BDA /* LegoWorldUITests */,
			);
		};
/* End PBXProject section */

/* Begin PBXResourcesBuildPhase section */
		9865785929B1CA4000BB1BDA /* Resources */ = {
			isa = PBXResourcesBuildPhase;
			buildActionMask = 2147483647;
			files = (
				9865786629B1CA4100BB1BDA /* Preview Assets.xcassets in Resources */,
				9865786329B1CA4100BB1BDA /* Assets.xcassets in Resources */,
			);
			runOnlyForDeploymentPostprocessing = 0;
		};
		9865786929B1CA4100BB1BDA /* Resources */ = {
			isa = PBXResourcesBuildPhase;
			buildActionMask = 2147483647;
			files = (
			);
			runOnlyForDeploymentPostprocessing = 0;
		};
		9865787329B1CA4100BB1BDA /* Resources */ = {
			isa = PBXResourcesBuildPhase;
			buildActionMask = 2147483647;
			files = (
			);
			runOnlyForDeploymentPostprocessing = 0;
		};
/* End PBXResourcesBuildPhase section */

/* Begin PBXSourcesBuildPhase section */
		9865785729B1CA4000BB1BDA /* Sources */ = {
			isa = PBXSourcesBuildPhase;
			buildActionMask = 2147483647;
			files = (
				9865786129B1CA4000BB1BDA /* ContentView.swift in Sources */,
				9865785F29B1CA4000BB1BDA /* LegoWorldApp.swift in Sources */,
			);
			runOnlyForDeploymentPostprocessing = 0;
		};
		9865786729B1CA4100BB1BDA /* Sources */ = {
			isa = PBXSourcesBuildPhase;
			buildActionMask = 2147483647;
			files = (
				9865787029B1CA4100BB1BDA /* LegoWorldTests.swift in Sources */,
			);
			runOnlyForDeploymentPostprocessing = 0;
		};
		9865787129B1CA4100BB1BDA /* Sources */ = {
			isa = PBXSourcesBuildPhase;
			buildActionMask = 2147483647;
			files = (
				9865787C29B1CA4100BB1BDA /* LegoWorldUITestsLaunchTests.swift in Sources */,
				9865787A29B1CA4100BB1BDA /* LegoWorldUITests.swift in Sources */,
			);
			runOnlyForDeploymentPostprocessing = 0;
		};
/* End PBXSourcesBuildPhase section */

/* Begin PBXTargetDependency section */
		9865786D29B1CA4100BB1BDA /* PBXTargetDependency */ = {
			isa = PBXTargetDependency;
			target = 9865785A29B1CA4000BB1BDA /* LegoWorld */;
			targetProxy = 9865786C29B1CA4100BB1BDA /* PBXContainerItemProxy */;
		};
		9865787729B1CA4100BB1BDA /* PBXTargetDependency */ = {
			isa = PBXTargetDependency;
			target = 9865785A29B1CA4000BB1BDA /* LegoWorld */;
			targetProxy = 9865787629B1CA4100BB1BDA /* PBXContainerItemProxy */;
		};
/* End PBXTargetDependency section */

/* Begin XCBuildConfiguration section */
		9865787D29B1CA4100BB1BDA /* Debug */ = {
			isa = XCBuildConfiguration;
			buildSettings = {
				ALWAYS_SEARCH_USER_PATHS = NO;
				CLANG_ANALYZER_NONNULL = YES;
				CLANG_ANALYZER_NUMBER_OBJECT_CONVERSION = YES_AGGRESSIVE;
				CLANG_CXX_LANGUAGE_STANDARD = "gnu++20";
				CLANG_ENABLE_MODULES = YES;
				CLANG_ENABLE_OBJC_ARC = YES;
				CLANG_ENABLE_OBJC_WEAK = YES;
				CLANG_WARN_BLOCK_CAPTURE_AUTORELEASING = YES;
				CLANG_WARN_BOOL_CONVERSION = YES;
				CLANG_WARN_COMMA = YES;
				CLANG_WARN_CONSTANT_CONVERSION = YES;
				CLANG_WARN_DEPRECATED_OBJC_IMPLEMENTATIONS = YES;
				CLANG_WARN_DIRECT_OBJC_ISA_USAGE = YES_ERROR;
				CLANG_WARN_DOCUMENTATION_COMMENTS = YES;
				CLANG_WARN_EMPTY_BODY = YES;
				CLANG_WARN_ENUM_CONVERSION = YES;
				CLANG_WARN_INFINITE_RECURSION = YES;
				CLANG_WARN_INT_CONVERSION = YES;
				CLANG_WARN_NON_LITERAL_NULL_CONVERSION = YES;
				CLANG_WARN_OBJC_IMPLICIT_RETAIN_SELF = YES;
				CLANG_WARN_OBJC_LITERAL_CONVERSION = YES;
				CLANG_WARN_OBJC_ROOT_CLASS = YES_ERROR;
				CLANG_WARN_QUOTED_INCLUDE_IN_FRAMEWORK_HEADER = YES;
				CLANG_WARN_RANGE_LOOP_ANALYSIS = YES;
				CLANG_WARN_STRICT_PROTOTYPES = YES;
				CLANG_WARN_SUSPICIOUS_MOVE = YES;
				CLANG_WARN_UNGUARDED_AVAILABILITY = YES_AGGRESSIVE;
				CLANG_WARN_UNREACHABLE_CODE = YES;
				CLANG_WARN__DUPLICATE_METHOD_MATCH = YES;
				COPY_PHASE_STRIP = NO;
				DEBUG_INFORMATION_FORMAT = dwarf;
				ENABLE_STRICT_OBJC_MSGSEND = YES;
				ENABLE_TESTABILITY = YES;
				GCC_C_LANGUAGE_STANDARD = gnu11;
				GCC_DYNAMIC_NO_PIC = NO;
				GCC_NO_COMMON_BLOCKS = YES;
				GCC_OPTIMIZATION_LEVEL = 0;
				GCC_PREPROCESSOR_DEFINITIONS = (
					"DEBUG=1",
					"$(inherited)",
				);
				GCC_WARN_64_TO_32_BIT_CONVERSION = YES;
				GCC_WARN_ABOUT_RETURN_TYPE = YES_ERROR;
				GCC_WARN_UNDECLARED_SELECTOR = YES;
				GCC_WARN_UNINITIALIZED_AUTOS = YES_AGGRESSIVE;
				GCC_WARN_UNUSED_FUNCTION = YES;
				GCC_WARN_UNUSED_VARIABLE = YES;
				IPHONEOS_DEPLOYMENT_TARGET = 16.2;
				MTL_ENABLE_DEBUG_INFO = INCLUDE_SOURCE;
				MTL_FAST_MATH = YES;
				ONLY_ACTIVE_ARCH = YES;
				SDKROOT = iphoneos;
				SWIFT_ACTIVE_COMPILATION_CONDITIONS = DEBUG;
				SWIFT_OPTIMIZATION_LEVEL = "-Onone";
			};
			name = Debug;
		};
		9865787E29B1CA4100BB1BDA /* Release */ = {
			isa = XCBuildConfiguration;
			buildSettings = {
				ALWAYS_SEARCH_USER_PATHS = NO;
				CLANG_ANALYZER_NONNULL = YES;
				CLANG_ANALYZER_NUMBER_OBJECT_CONVERSION = YES_AGGRESSIVE;
				CLANG_CXX_LANGUAGE_STANDARD = "gnu++20";
				CLANG_ENABLE_MODULES = YES;
				CLANG_ENABLE_OBJC_ARC = YES;
				CLANG_ENABLE_OBJC_WEAK = YES;
				CLANG_WARN_BLOCK_CAPTURE_AUTORELEASING = YES;
				CLANG_WARN_BOOL_CONVERSION = YES;
				CLANG_WARN_COMMA = YES;
				CLANG_WARN_CONSTANT_CONVERSION = YES;
				CLANG_WARN_DEPRECATED_OBJC_IMPLEMENTATIONS = YES;
				CLANG_WARN_DIRECT_OBJC_ISA_USAGE = YES_ERROR;
				CLANG_WARN_DOCUMENTATION_COMMENTS = YES;
				CLANG_WARN_EMPTY_BODY = YES;
				CLANG_WARN_ENUM_CONVERSION = YES;
				CLANG_WARN_INFINITE_RECURSION = YES;
				CLANG_WARN_INT_CONVERSION = YES;
				CLANG_WARN_NON_LITERAL_NULL_CONVERSION = YES;
				CLANG_WARN_OBJC_IMPLICIT_RETAIN_SELF = YES;
				CLANG_WARN_OBJC_LITERAL_CONVERSION = YES;
				CLANG_WARN_OBJC_ROOT_CLASS = YES_ERROR;
				CLANG_WARN_QUOTED_INCLUDE_IN_FRAMEWORK_HEADER = YES;
				CLANG_WARN_RANGE_LOOP_ANALYSIS = YES;
				CLANG_WARN_STRICT_PROTOTYPES = YES;
				CLANG_WARN_SUSPICIOUS_MOVE = YES;
				CLANG_WARN_UNGUARDED_AVAILABILITY = YES_AGGRESSIVE;
				CLANG_WARN_UNREACHABLE_CODE = YES;
				CLANG_WARN__DUPLICATE_METHOD_MATCH = YES;
				COPY_PHASE_STRIP = NO;
				DEBUG_INFORMATION_FORMAT = "dwarf-with-dsym";
				ENABLE_NS_ASSERTIONS = NO;
				ENABLE_STRICT_OBJC_MSGSEND = YES;
				GCC_C_LANGUAGE_STANDARD = gnu11;
				GCC_NO_COMMON_BLOCKS = YES;
				GCC_WARN_64_TO_32_BIT_CONVERSION = YES;
				GCC_WARN_ABOUT_RETURN_TYPE = YES_ERROR;
				GCC_WARN_UNDECLARED_SELECTOR = YES;
				GCC_WARN_UNINITIALIZED_AUTOS = YES_AGGRESSIVE;
				GCC_WARN_UNUSED_FUNCTION = YES;
				GCC_WARN_UNUSED_VARIABLE = YES;
				IPHONEOS_DEPLOYMENT_TARGET = 16.2;
				MTL_ENABLE_DEBUG_INFO = NO;
				MTL_FAST_MATH = YES;
				SDKROOT = iphoneos;
				SWIFT_COMPILATION_MODE = wholemodule;
				SWIFT_OPTIMIZATION_LEVEL = "-O";
				VALIDATE_PRODUCT = YES;
			};
			name = Release;
		};
		9865788029B1CA4100BB1BDA /* Debug */ = {
			isa = XCBuildConfiguration;
			buildSettings = {
				ASSETCATALOG_COMPILER_APPICON_NAME = AppIcon;
				ASSETCATALOG_COMPILER_GLOBAL_ACCENT_COLOR_NAME = AccentColor;
				CODE_SIGN_STYLE = Automatic;
				CURRENT_PROJECT_VERSION = 1;
				DEVELOPMENT_ASSET_PATHS = "\"LegoWorld/Preview Content\"";
				ENABLE_PREVIEWS = YES;
				GENERATE_INFOPLIST_FILE = YES;
				INFOPLIST_KEY_UIApplicationSceneManifest_Generation = YES;
				INFOPLIST_KEY_UIApplicationSupportsIndirectInputEvents = YES;
				INFOPLIST_KEY_UILaunchScreen_Generation = YES;
				INFOPLIST_KEY_UISupportedInterfaceOrientations_iPad = "UIInterfaceOrientationPortrait UIInterfaceOrientationPortraitUpsideDown UIInterfaceOrientationLandscapeLeft UIInterfaceOrientationLandscapeRight";
				INFOPLIST_KEY_UISupportedInterfaceOrientations_iPhone = "UIInterfaceOrientationPortrait UIInterfaceOrientationLandscapeLeft UIInterfaceOrientationLandscapeRight";
				IPHONEOS_DEPLOYMENT_TARGET = 15.0;
				LD_RUNPATH_SEARCH_PATHS = (
					"$(inherited)",
					"@executable_path/Frameworks",
				);
				MARKETING_VERSION = 1.0;
				PRODUCT_BUNDLE_IDENTIFIER = com.jinsujin.LegoWorld;
				PRODUCT_NAME = "$(TARGET_NAME)";
				SWIFT_EMIT_LOC_STRINGS = YES;
				SWIFT_VERSION = 5.0;
				TARGETED_DEVICE_FAMILY = "1,2";
			};
			name = Debug;
		};
		9865788129B1CA4100BB1BDA /* Release */ = {
			isa = XCBuildConfiguration;
			buildSettings = {
				ASSETCATALOG_COMPILER_APPICON_NAME = AppIcon;
				ASSETCATALOG_COMPILER_GLOBAL_ACCENT_COLOR_NAME = AccentColor;
				CODE_SIGN_STYLE = Automatic;
				CURRENT_PROJECT_VERSION = 1;
				DEVELOPMENT_ASSET_PATHS = "\"LegoWorld/Preview Content\"";
				ENABLE_PREVIEWS = YES;
				GENERATE_INFOPLIST_FILE = YES;
				INFOPLIST_KEY_UIApplicationSceneManifest_Generation = YES;
				INFOPLIST_KEY_UIApplicationSupportsIndirectInputEvents = YES;
				INFOPLIST_KEY_UILaunchScreen_Generation = YES;
				INFOPLIST_KEY_UISupportedInterfaceOrientations_iPad = "UIInterfaceOrientationPortrait UIInterfaceOrientationPortraitUpsideDown UIInterfaceOrientationLandscapeLeft UIInterfaceOrientationLandscapeRight";
				INFOPLIST_KEY_UISupportedInterfaceOrientations_iPhone = "UIInterfaceOrientationPortrait UIInterfaceOrientationLandscapeLeft UIInterfaceOrientationLandscapeRight";
				IPHONEOS_DEPLOYMENT_TARGET = 15.0;
				LD_RUNPATH_SEARCH_PATHS = (
					"$(inherited)",
					"@executable_path/Frameworks",
				);
				MARKETING_VERSION = 1.0;
				PRODUCT_BUNDLE_IDENTIFIER = com.jinsujin.LegoWorld;
				PRODUCT_NAME = "$(TARGET_NAME)";
				SWIFT_EMIT_LOC_STRINGS = YES;
				SWIFT_VERSION = 5.0;
				TARGETED_DEVICE_FAMILY = "1,2";
			};
			name = Release;
		};
		9865788329B1CA4100BB1BDA /* Debug */ = {
			isa = XCBuildConfiguration;
			buildSettings = {
				ALWAYS_EMBED_SWIFT_STANDARD_LIBRARIES = YES;
				BUNDLE_LOADER = "$(TEST_HOST)";
				CODE_SIGN_STYLE = Automatic;
				CURRENT_PROJECT_VERSION = 1;
				GENERATE_INFOPLIST_FILE = YES;
				IPHONEOS_DEPLOYMENT_TARGET = 16.2;
				MARKETING_VERSION = 1.0;
				PRODUCT_BUNDLE_IDENTIFIER = com.jinsujin.LegoWorldTests;
				PRODUCT_NAME = "$(TARGET_NAME)";
				SWIFT_EMIT_LOC_STRINGS = NO;
				SWIFT_VERSION = 5.0;
				TARGETED_DEVICE_FAMILY = "1,2";
				TEST_HOST = "$(BUILT_PRODUCTS_DIR)/LegoWorld.app/$(BUNDLE_EXECUTABLE_FOLDER_PATH)/LegoWorld";
			};
			name = Debug;
		};
		9865788429B1CA4100BB1BDA /* Release */ = {
			isa = XCBuildConfiguration;
			buildSettings = {
				ALWAYS_EMBED_SWIFT_STANDARD_LIBRARIES = YES;
				BUNDLE_LOADER = "$(TEST_HOST)";
				CODE_SIGN_STYLE = Automatic;
				CURRENT_PROJECT_VERSION = 1;
				GENERATE_INFOPLIST_FILE = YES;
				IPHONEOS_DEPLOYMENT_TARGET = 16.2;
				MARKETING_VERSION = 1.0;
				PRODUCT_BUNDLE_IDENTIFIER = com.jinsujin.LegoWorldTests;
				PRODUCT_NAME = "$(TARGET_NAME)";
				SWIFT_EMIT_LOC_STRINGS = NO;
				SWIFT_VERSION = 5.0;
				TARGETED_DEVICE_FAMILY = "1,2";
				TEST_HOST = "$(BUILT_PRODUCTS_DIR)/LegoWorld.app/$(BUNDLE_EXECUTABLE_FOLDER_PATH)/LegoWorld";
			};
			name = Release;
		};
		9865788629B1CA4100BB1BDA /* Debug */ = {
			isa = XCBuildConfiguration;
			buildSettings = {
				ALWAYS_EMBED_SWIFT_STANDARD_LIBRARIES = YES;
				CODE_SIGN_STYLE = Automatic;
				CURRENT_PROJECT_VERSION = 1;
				GENERATE_INFOPLIST_FILE = YES;
				MARKETING_VERSION = 1.0;
				PRODUCT_BUNDLE_IDENTIFIER = com.jinsujin.LegoWorldUITests;
				PRODUCT_NAME = "$(TARGET_NAME)";
				SWIFT_EMIT_LOC_STRINGS = NO;
				SWIFT_VERSION = 5.0;
				TARGETED_DEVICE_FAMILY = "1,2";
				TEST_TARGET_NAME = LegoWorld;
			};
			name = Debug;
		};
		9865788729B1CA4100BB1BDA /* Release */ = {
			isa = XCBuildConfiguration;
			buildSettings = {
				ALWAYS_EMBED_SWIFT_STANDARD_LIBRARIES = YES;
				CODE_SIGN_STYLE = Automatic;
				CURRENT_PROJECT_VERSION = 1;
				GENERATE_INFOPLIST_FILE = YES;
				MARKETING_VERSION = 1.0;
				PRODUCT_BUNDLE_IDENTIFIER = com.jinsujin.LegoWorldUITests;
				PRODUCT_NAME = "$(TARGET_NAME)";
				SWIFT_EMIT_LOC_STRINGS = NO;
				SWIFT_VERSION = 5.0;
				TARGETED_DEVICE_FAMILY = "1,2";
				TEST_TARGET_NAME = LegoWorld;
			};
			name = Release;
		};
/* End XCBuildConfiguration section */

/* Begin XCConfigurationList section */
		9865785629B1CA4000BB1BDA /* Build configuration list for PBXProject "LegoWorld" */ = {
			isa = XCConfigurationList;
			buildConfigurations = (
				9865787D29B1CA4100BB1BDA /* Debug */,
				9865787E29B1CA4100BB1BDA /* Release */,
			);
			defaultConfigurationIsVisible = 0;
			defaultConfigurationName = Release;
		};
		9865787F29B1CA4100BB1BDA /* Build configuration list for PBXNativeTarget "LegoWorld" */ = {
			isa = XCConfigurationList;
			buildConfigurations = (
				9865788029B1CA4100BB1BDA /* Debug */,
				9865788129B1CA4100BB1BDA /* Release */,
			);
			defaultConfigurationIsVisible = 0;
			defaultConfigurationName = Release;
		};
		9865788229B1CA4100BB1BDA /* Build configuration list for PBXNativeTarget "LegoWorldTests" */ = {
			isa = XCConfigurationList;
			buildConfigurations = (
				9865788329B1CA4100BB1BDA /* Debug */,
				9865788429B1CA4100BB1BDA /* Release */,
			);
			defaultConfigurationIsVisible = 0;
			defaultConfigurationName = Release;
		};
		9865788529B1CA4100BB1BDA /* Build configuration list for PBXNativeTarget "LegoWorldUITests" */ = {
			isa = XCConfigurationList;
			buildConfigurations = (
				9865788629B1CA4100BB1BDA /* Debug */,
				9865788729B1CA4100BB1BDA /* Release */,
			);
			defaultConfigurationIsVisible = 0;
			defaultConfigurationName = Release;
		};
/* End XCConfigurationList section */

/* Begin XCSwiftPackageProductDependency section */
		98DFDF8029B8FCFC00228BE2 /* LocalStorage */ = {
			isa = XCSwiftPackageProductDependency;
			productName = LocalStorage;
		};
/* End XCSwiftPackageProductDependency section */
	};
	rootObject = 9865785329B1CA4000BB1BDA /* Project object */;
}
